
Microsoft Visual Studio Solution File, Format Version 12.00
# Visual Studio Version 16
VisualStudioVersion = 16.0.31205.134
MinimumVisualStudioVersion = 10.0.40219.1
Project("{FAE04EC0-301F-11D3-BF4B-00C04F79EFBC}") = "gfgift", "gfgift\gfgift.csproj", "{C7A83273-27DE-4F42-A2A3-E6086BAA3B05}"
EndProject
Global
	GlobalSection(SolutionConfigurationPlatforms) = preSolution
		Debug|Any CPU = Debug|Any CPU
		Release|Any CPU = Release|Any CPU
	EndGlobalSection
	GlobalSection(ProjectConfigurationPlatforms) = postSolution
		{C7A83273-27DE-4F42-A2A3-E6086BAA3B05}.Debug|Any CPU.ActiveCfg = Debug|Any CPU
		{C7A83273-27DE-4F42-A2A3-E6086BAA3B05}.Debug|Any CPU.Build.0 = Debug|Any CPU
		{C7A83273-27DE-4F42-A2A3-E6086BAA3B05}.Release|Any CPU.ActiveCfg = Release|Any CPU
		{C7A83273-27DE-4F42-A2A3-E6086BAA3B05}.Release|Any CPU.Build.0 = Release|Any CPU
	EndGlobalSection
	GlobalSection(SolutionProperties) = preSolution
		HideSolutionNode = FALSE
	EndGlobalSection
	GlobalSection(ExtensibilityGlobals) = postSolution
		SolutionGuid = {3BF1B3B0-B473-4FCE-B914-0DF7719FF273}
	EndGlobalSection
EndGlobal
